// !$*UTF8*$!
{
	archiveVersion = 1;
	classes = {
	};
	objectVersion = 55;
	objects = {

/* Begin PBXBuildFile section */
		67069AF42BB5EAC400FB13E5 /* XonsoleApp.swift in Sources */ = {isa = PBXBuildFile; fileRef = 67069AF32BB5EAC400FB13E5 /* XonsoleApp.swift */; };
		67069AF62BB5EAC400FB13E5 /* ContentView.swift in Sources */ = {isa = PBXBuildFile; fileRef = 67069AF52BB5EAC400FB13E5 /* ContentView.swift */; };
		67069AF82BB5EACA00FB13E5 /* Assets.xcassets in Resources */ = {isa = PBXBuildFile; fileRef = 67069AF72BB5EACA00FB13E5 /* Assets.xcassets */; };
		67069AFB2BB5EACA00FB13E5 /* Preview Assets.xcassets in Resources */ = {isa = PBXBuildFile; fileRef = 67069AFA2BB5EACA00FB13E5 /* Preview Assets.xcassets */; };
		67069B062BB5EACB00FB13E5 /* XonsoleTests.swift in Sources */ = {isa = PBXBuildFile; fileRef = 67069B052BB5EACB00FB13E5 /* XonsoleTests.swift */; };
		67069B102BB5EACB00FB13E5 /* XonsoleUITests.swift in Sources */ = {isa = PBXBuildFile; fileRef = 67069B0F2BB5EACB00FB13E5 /* XonsoleUITests.swift */; };
		67069B122BB5EACB00FB13E5 /* XonsoleUITestsLaunchTests.swift in Sources */ = {isa = PBXBuildFile; fileRef = 67069B112BB5EACB00FB13E5 /* XonsoleUITestsLaunchTests.swift */; };
/* End PBXBuildFile section */

/* Begin PBXContainerItemProxy section */
		67069B022BB5EACA00FB13E5 /* PBXContainerItemProxy */ = {
			isa = PBXContainerItemProxy;
			containerPortal = 67069AE82BB5EAC400FB13E5 /* Project object */;
			proxyType = 1;
			remoteGlobalIDString = 67069AEF2BB5EAC400FB13E5;
			remoteInfo = Xonsole;
		};
		67069B0C2BB5EACB00FB13E5 /* PBXContainerItemProxy */ = {
			isa = PBXContainerItemProxy;
			containerPortal = 67069AE82BB5EAC400FB13E5 /* Project object */;
			proxyType = 1;
			remoteGlobalIDString = 67069AEF2BB5EAC400FB13E5;
			remoteInfo = Xonsole;
		};
/* End PBXContainerItemProxy section */

/* Begin PBXFileReference section */
		67069AF02BB5EAC400FB13E5 /* Xonsole.app */ = {isa = PBXFileReference; explicitFileType = wrapper.application; includeInIndex = 0; path = Xonsole.app; sourceTree = BUILT_PRODUCTS_DIR; };
		67069AF32BB5EAC400FB13E5 /* XonsoleApp.swift */ = {isa = PBXFileReference; lastKnownFileType = sourcecode.swift; path = XonsoleApp.swift; sourceTree = "<group>"; };
		67069AF52BB5EAC400FB13E5 /* ContentView.swift */ = {isa = PBXFileReference; lastKnownFileType = sourcecode.swift; path = ContentView.swift; sourceTree = "<group>"; };
		67069AF72BB5EACA00FB13E5 /* Assets.xcassets */ = {isa = PBXFileReference; lastKnownFileType = folder.assetcatalog; path = Assets.xcassets; sourceTree = "<group>"; };
		67069AFA2BB5EACA00FB13E5 /* Preview Assets.xcassets */ = {isa = PBXFileReference; lastKnownFileType = folder.assetcatalog; path = "Preview Assets.xcassets"; sourceTree = "<group>"; };
		67069AFC2BB5EACA00FB13E5 /* Xonsole.entitlements */ = {isa = PBXFileReference; lastKnownFileType = text.plist.entitlements; path = Xonsole.entitlements; sourceTree = "<group>"; };
		67069B012BB5EACA00FB13E5 /* XonsoleTests.xctest */ = {isa = PBXFileReference; explicitFileType = wrapper.cfbundle; includeInIndex = 0; path = XonsoleTests.xctest; sourceTree = BUILT_PRODUCTS_DIR; };
		67069B052BB5EACB00FB13E5 /* XonsoleTests.swift */ = {isa = PBXFileReference; lastKnownFileType = sourcecode.swift; path = XonsoleTests.swift; sourceTree = "<group>"; };
		67069B0B2BB5EACB00FB13E5 /* XonsoleUITests.xctest */ = {isa = PBXFileReference; explicitFileType = wrapper.cfbundle; includeInIndex = 0; path = XonsoleUITests.xctest; sourceTree = BUILT_PRODUCTS_DIR; };
		67069B0F2BB5EACB00FB13E5 /* XonsoleUITests.swift */ = {isa = PBXFileReference; lastKnownFileType = sourcecode.swift; path = XonsoleUITests.swift; sourceTree = "<group>"; };
		67069B112BB5EACB00FB13E5 /* XonsoleUITestsLaunchTests.swift */ = {isa = PBXFileReference; lastKnownFileType = sourcecode.swift; path = XonsoleUITestsLaunchTests.swift; sourceTree = "<group>"; };
/* End PBXFileReference section */

/* Begin PBXFrameworksBuildPhase section */
		67069AED2BB5EAC400FB13E5 /* Frameworks */ = {
			isa = PBXFrameworksBuildPhase;
			buildActionMask = 2147483647;
			files = (
			);
			runOnlyForDeploymentPostprocessing = 0;
		};
		67069AFE2BB5EACA00FB13E5 /* Frameworks */ = {
			isa = PBXFrameworksBuildPhase;
			buildActionMask = 2147483647;
			files = (
			);
			runOnlyForDeploymentPostprocessing = 0;
		};
		67069B082BB5EACB00FB13E5 /* Frameworks */ = {
			isa = PBXFrameworksBuildPhase;
			buildActionMask = 2147483647;
			files = (
			);
			runOnlyForDeploymentPostprocessing = 0;
		};
/* End PBXFrameworksBuildPhase section */

/* Begin PBXGroup section */
		67069AE72BB5EAC400FB13E5 = {
			isa = PBXGroup;
			children = (
				67069AF22BB5EAC400FB13E5 /* Xonsole */,
				67069B042BB5EACB00FB13E5 /* XonsoleTests */,
				67069B0E2BB5EACB00FB13E5 /* XonsoleUITests */,
				67069AF12BB5EAC400FB13E5 /* Products */,
			);
			sourceTree = "<group>";
		};
		67069AF12BB5EAC400FB13E5 /* Products */ = {
			isa = PBXGroup;
			children = (
				67069AF02BB5EAC400FB13E5 /* Xonsole.app */,
				67069B012BB5EACA00FB13E5 /* XonsoleTests.xctest */,
				67069B0B2BB5EACB00FB13E5 /* XonsoleUITests.xctest */,
			);
			name = Products;
			sourceTree = "<group>";
		};
		67069AF22BB5EAC400FB13E5 /* Xonsole */ = {
			isa = PBXGroup;
			children = (
				67069AF32BB5EAC400FB13E5 /* XonsoleApp.swift */,
				67069AF52BB5EAC400FB13E5 /* ContentView.swift */,
				67069AF72BB5EACA00FB13E5 /* Assets.xcassets */,
				67069AFC2BB5EACA00FB13E5 /* Xonsole.entitlements */,
				67069AF92BB5EACA00FB13E5 /* Preview Content */,
			);
			path = Xonsole;
			sourceTree = "<group>";
		};
		67069AF92BB5EACA00FB13E5 /* Preview Content */ = {
			isa = PBXGroup;
			children = (
				67069AFA2BB5EACA00FB13E5 /* Preview Assets.xcassets */,
			);
			path = "Preview Content";
			sourceTree = "<group>";
		};
		67069B042BB5EACB00FB13E5 /* XonsoleTests */ = {
			isa = PBXGroup;
			children = (
				67069B052BB5EACB00FB13E5 /* XonsoleTests.swift */,
			);
			path = XonsoleTests;
			sourceTree = "<group>";
		};
		67069B0E2BB5EACB00FB13E5 /* XonsoleUITests */ = {
			isa = PBXGroup;
			children = (
				67069B0F2BB5EACB00FB13E5 /* XonsoleUITests.swift */,
				67069B112BB5EACB00FB13E5 /* XonsoleUITestsLaunchTests.swift */,
			);
			path = XonsoleUITests;
			sourceTree = "<group>";
		};
/* End PBXGroup section */

/* Begin PBXNativeTarget section */
		67069AEF2BB5EAC400FB13E5 /* Xonsole */ = {
			isa = PBXNativeTarget;
			buildConfigurationList = 67069B152BB5EACB00FB13E5 /* Build configuration list for PBXNativeTarget "Xonsole" */;
			buildPhases = (
				67069AEC2BB5EAC400FB13E5 /* Sources */,
				67069AED2BB5EAC400FB13E5 /* Frameworks */,
				67069AEE2BB5EAC400FB13E5 /* Resources */,
			);
			buildRules = (
			);
			dependencies = (
			);
			name = Xonsole;
			productName = Xonsole;
			productReference = 67069AF02BB5EAC400FB13E5 /* Xonsole.app */;
			productType = "com.apple.product-type.application";
		};
		67069B002BB5EACA00FB13E5 /* XonsoleTests */ = {
			isa = PBXNativeTarget;
			buildConfigurationList = 67069B182BB5EACB00FB13E5 /* Build configuration list for PBXNativeTarget "XonsoleTests" */;
			buildPhases = (
				67069AFD2BB5EACA00FB13E5 /* Sources */,
				67069AFE2BB5EACA00FB13E5 /* Frameworks */,
				67069AFF2BB5EACA00FB13E5 /* Resources */,
			);
			buildRules = (
			);
			dependencies = (
				67069B032BB5EACA00FB13E5 /* PBXTargetDependency */,
			);
			name = XonsoleTests;
			productName = XonsoleTests;
			productReference = 67069B012BB5EACA00FB13E5 /* XonsoleTests.xctest */;
			productType = "com.apple.product-type.bundle.unit-test";
		};
		67069B0A2BB5EACB00FB13E5 /* XonsoleUITests */ = {
			isa = PBXNativeTarget;
			buildConfigurationList = 67069B1B2BB5EACB00FB13E5 /* Build configuration list for PBXNativeTarget "XonsoleUITests" */;
			buildPhases = (
				67069B072BB5EACB00FB13E5 /* Sources */,
				67069B082BB5EACB00FB13E5 /* Frameworks */,
				67069B092BB5EACB00FB13E5 /* Resources */,
			);
			buildRules = (
			);
			dependencies = (
				67069B0D2BB5EACB00FB13E5 /* PBXTargetDependency */,
			);
			name = XonsoleUITests;
			productName = XonsoleUITests;
			productReference = 67069B0B2BB5EACB00FB13E5 /* XonsoleUITests.xctest */;
			productType = "com.apple.product-type.bundle.ui-testing";
		};
/* End PBXNativeTarget section */

/* Begin PBXProject section */
		67069AE82BB5EAC400FB13E5 /* Project object */ = {
			isa = PBXProject;
			attributes = {
				BuildIndependentTargetsInParallel = 1;
				LastSwiftUpdateCheck = 1340;
				LastUpgradeCheck = 1340;
				TargetAttributes = {
					67069AEF2BB5EAC400FB13E5 = {
						CreatedOnToolsVersion = 13.4.1;
					};
					67069B002BB5EACA00FB13E5 = {
						CreatedOnToolsVersion = 13.4.1;
						TestTargetID = 67069AEF2BB5EAC400FB13E5;
					};
					67069B0A2BB5EACB00FB13E5 = {
						CreatedOnToolsVersion = 13.4.1;
						TestTargetID = 67069AEF2BB5EAC400FB13E5;
					};
				};
			};
			buildConfigurationList = 67069AEB2BB5EAC400FB13E5 /* Build configuration list for PBXProject "Xonsole" */;
			compatibilityVersion = "Xcode 13.0";
			developmentRegion = en;
			hasScannedForEncodings = 0;
			knownRegions = (
				en,
				Base,
			);
			mainGroup = 67069AE72BB5EAC400FB13E5;
			productRefGroup = 67069AF12BB5EAC400FB13E5 /* Products */;
			projectDirPath = "";
			projectRoot = "";
			targets = (
				67069AEF2BB5EAC400FB13E5 /* Xonsole */,
				67069B002BB5EACA00FB13E5 /* XonsoleTests */,
				67069B0A2BB5EACB00FB13E5 /* XonsoleUITests */,
			);
		};
/* End PBXProject section */

/* Begin PBXResourcesBuildPhase section */
		67069AEE2BB5EAC400FB13E5 /* Resources */ = {
			isa = PBXResourcesBuildPhase;
			buildActionMask = 2147483647;
			files = (
				67069AFB2BB5EACA00FB13E5 /* Preview Assets.xcassets in Resources */,
				67069AF82BB5EACA00FB13E5 /* Assets.xcassets in Resources */,
			);
			runOnlyForDeploymentPostprocessing = 0;
		};
		67069AFF2BB5EACA00FB13E5 /* Resources */ = {
			isa = PBXResourcesBuildPhase;
			buildActionMask = 2147483647;
			files = (
			);
			runOnlyForDeploymentPostprocessing = 0;
		};
		67069B092BB5EACB00FB13E5 /* Resources */ = {
			isa = PBXResourcesBuildPhase;
			buildActionMask = 2147483647;
			files = (
			);
			runOnlyForDeploymentPostprocessing = 0;
		};
/* End PBXResourcesBuildPhase section */

/* Begin PBXSourcesBuildPhase section */
		67069AEC2BB5EAC400FB13E5 /* Sources */ = {
			isa = PBXSourcesBuildPhase;
			buildActionMask = 2147483647;
			files = (
				67069AF62BB5EAC400FB13E5 /* ContentView.swift in Sources */,
				67069AF42BB5EAC400FB13E5 /* XonsoleApp.swift in Sources */,
			);
			runOnlyForDeploymentPostprocessing = 0;
		};
		67069AFD2BB5EACA00FB13E5 /* Sources */ = {
			isa = PBXSourcesBuildPhase;
			buildActionMask = 2147483647;
			files = (
				67069B062BB5EACB00FB13E5 /* XonsoleTests.swift in Sources */,
			);
			runOnlyForDeploymentPostprocessing = 0;
		};
		67069B072BB5EACB00FB13E5 /* Sources */ = {
			isa = PBXSourcesBuildPhase;
			buildActionMask = 2147483647;
			files = (
				67069B102BB5EACB00FB13E5 /* XonsoleUITests.swift in Sources */,
				67069B122BB5EACB00FB13E5 /* XonsoleUITestsLaunchTests.swift in Sources */,
			);
			runOnlyForDeploymentPostprocessing = 0;
		};
/* End PBXSourcesBuildPhase section */

/* Begin PBXTargetDependency section */
		67069B032BB5EACA00FB13E5 /* PBXTargetDependency */ = {
			isa = PBXTargetDependency;
			target = 67069AEF2BB5EAC400FB13E5 /* Xonsole */;
			targetProxy = 67069B022BB5EACA00FB13E5 /* PBXContainerItemProxy */;
		};
		67069B0D2BB5EACB00FB13E5 /* PBXTargetDependency */ = {
			isa = PBXTargetDependency;
			target = 67069AEF2BB5EAC400FB13E5 /* Xonsole */;
			targetProxy = 67069B0C2BB5EACB00FB13E5 /* PBXContainerItemProxy */;
		};
/* End PBXTargetDependency section */

/* Begin XCBuildConfiguration section */
		67069B132BB5EACB00FB13E5 /* Debug */ = {
			isa = XCBuildConfiguration;
			buildSettings = {
				ALWAYS_SEARCH_USER_PATHS = NO;
				CLANG_ANALYZER_NONNULL = YES;
				CLANG_ANALYZER_NUMBER_OBJECT_CONVERSION = YES_AGGRESSIVE;
				CLANG_CXX_LANGUAGE_STANDARD = "gnu++17";
				CLANG_ENABLE_MODULES = YES;
				CLANG_ENABLE_OBJC_ARC = YES;
				CLANG_ENABLE_OBJC_WEAK = YES;
				CLANG_WARN_BLOCK_CAPTURE_AUTORELEASING = YES;
				CLANG_WARN_BOOL_CONVERSION = YES;
				CLANG_WARN_COMMA = YES;
				CLANG_WARN_CONSTANT_CONVERSION = YES;
				CLANG_WARN_DEPRECATED_OBJC_IMPLEMENTATIONS = YES;
				CLANG_WARN_DIRECT_OBJC_ISA_USAGE = YES_ERROR;
				CLANG_WARN_DOCUMENTATION_COMMENTS = YES;
				CLANG_WARN_EMPTY_BODY = YES;
				CLANG_WARN_ENUM_CONVERSION = YES;
				CLANG_WARN_INFINITE_RECURSION = YES;
				CLANG_WARN_INT_CONVERSION = YES;
				CLANG_WARN_NON_LITERAL_NULL_CONVERSION = YES;
				CLANG_WARN_OBJC_IMPLICIT_RETAIN_SELF = YES;
				CLANG_WARN_OBJC_LITERAL_CONVERSION = YES;
				CLANG_WARN_OBJC_ROOT_CLASS = YES_ERROR;
				CLANG_WARN_QUOTED_INCLUDE_IN_FRAMEWORK_HEADER = YES;
				CLANG_WARN_RANGE_LOOP_ANALYSIS = YES;
				CLANG_WARN_STRICT_PROTOTYPES = YES;
				CLANG_WARN_SUSPICIOUS_MOVE = YES;
				CLANG_WARN_UNGUARDED_AVAILABILITY = YES_AGGRESSIVE;
				CLANG_WARN_UNREACHABLE_CODE = YES;
				CLANG_WARN__DUPLICATE_METHOD_MATCH = YES;
				COPY_PHASE_STRIP = NO;
				DEBUG_INFORMATION_FORMAT = dwarf;
				ENABLE_STRICT_OBJC_MSGSEND = YES;
				ENABLE_TESTABILITY = YES;
				GCC_C_LANGUAGE_STANDARD = gnu11;
				GCC_DYNAMIC_NO_PIC = NO;
				GCC_NO_COMMON_BLOCKS = YES;
				GCC_OPTIMIZATION_LEVEL = 0;
				GCC_PREPROCESSOR_DEFINITIONS = (
					"DEBUG=1",
					"$(inherited)",
				);
				GCC_WARN_64_TO_32_BIT_CONVERSION = YES;
				GCC_WARN_ABOUT_RETURN_TYPE = YES_ERROR;
				GCC_WARN_UNDECLARED_SELECTOR = YES;
				GCC_WARN_UNINITIALIZED_AUTOS = YES_AGGRESSIVE;
				GCC_WARN_UNUSED_FUNCTION = YES;
				GCC_WARN_UNUSED_VARIABLE = YES;
				MACOSX_DEPLOYMENT_TARGET = 12.3;
				MTL_ENABLE_DEBUG_INFO = INCLUDE_SOURCE;
				MTL_FAST_MATH = YES;
				ONLY_ACTIVE_ARCH = YES;
				SDKROOT = macosx;
				SWIFT_ACTIVE_COMPILATION_CONDITIONS = DEBUG;
				SWIFT_OPTIMIZATION_LEVEL = "-Onone";
			};
			name = Debug;
		};
		67069B142BB5EACB00FB13E5 /* Release */ = {
			isa = XCBuildConfiguration;
			buildSettings = {
				ALWAYS_SEARCH_USER_PATHS = NO;
				CLANG_ANALYZER_NONNULL = YES;
				CLANG_ANALYZER_NUMBER_OBJECT_CONVERSION = YES_AGGRESSIVE;
				CLANG_CXX_LANGUAGE_STANDARD = "gnu++17";
				CLANG_ENABLE_MODULES = YES;
				CLANG_ENABLE_OBJC_ARC = YES;
				CLANG_ENABLE_OBJC_WEAK = YES;
				CLANG_WARN_BLOCK_CAPTURE_AUTORELEASING = YES;
				CLANG_WARN_BOOL_CONVERSION = YES;
				CLANG_WARN_COMMA = YES;
				CLANG_WARN_CONSTANT_CONVERSION = YES;
				CLANG_WARN_DEPRECATED_OBJC_IMPLEMENTATIONS = YES;
				CLANG_WARN_DIRECT_OBJC_ISA_USAGE = YES_ERROR;
				CLANG_WARN_DOCUMENTATION_COMMENTS = YES;
				CLANG_WARN_EMPTY_BODY = YES;
				CLANG_WARN_ENUM_CONVERSION = YES;
				CLANG_WARN_INFINITE_RECURSION = YES;
				CLANG_WARN_INT_CONVERSION = YES;
				CLANG_WARN_NON_LITERAL_NULL_CONVERSION = YES;
				CLANG_WARN_OBJC_IMPLICIT_RETAIN_SELF = YES;
				CLANG_WARN_OBJC_LITERAL_CONVERSION = YES;
				CLANG_WARN_OBJC_ROOT_CLASS = YES_ERROR;
				CLANG_WARN_QUOTED_INCLUDE_IN_FRAMEWORK_HEADER = YES;
				CLANG_WARN_RANGE_LOOP_ANALYSIS = YES;
				CLANG_WARN_STRICT_PROTOTYPES = YES;
				CLANG_WARN_SUSPICIOUS_MOVE = YES;
				CLANG_WARN_UNGUARDED_AVAILABILITY = YES_AGGRESSIVE;
				CLANG_WARN_UNREACHABLE_CODE = YES;
				CLANG_WARN__DUPLICATE_METHOD_MATCH = YES;
				COPY_PHASE_STRIP = NO;
				DEBUG_INFORMATION_FORMAT = "dwarf-with-dsym";
				ENABLE_NS_ASSERTIONS = NO;
				ENABLE_STRICT_OBJC_MSGSEND = YES;
				GCC_C_LANGUAGE_STANDARD = gnu11;
				GCC_NO_COMMON_BLOCKS = YES;
				GCC_WARN_64_TO_32_BIT_CONVERSION = YES;
				GCC_WARN_ABOUT_RETURN_TYPE = YES_ERROR;
				GCC_WARN_UNDECLARED_SELECTOR = YES;
				GCC_WARN_UNINITIALIZED_AUTOS = YES_AGGRESSIVE;
				GCC_WARN_UNUSED_FUNCTION = YES;
				GCC_WARN_UNUSED_VARIABLE = YES;
				MACOSX_DEPLOYMENT_TARGET = 12.3;
				MTL_ENABLE_DEBUG_INFO = NO;
				MTL_FAST_MATH = YES;
				SDKROOT = macosx;
				SWIFT_COMPILATION_MODE = wholemodule;
				SWIFT_OPTIMIZATION_LEVEL = "-O";
			};
			name = Release;
		};
		67069B162BB5EACB00FB13E5 /* Debug */ = {
			isa = XCBuildConfiguration;
			buildSettings = {
				ASSETCATALOG_COMPILER_APPICON_NAME = AppIcon;
				ASSETCATALOG_COMPILER_GLOBAL_ACCENT_COLOR_NAME = AccentColor;
				CODE_SIGN_ENTITLEMENTS = Xonsole/Xonsole.entitlements;
				CODE_SIGN_STYLE = Automatic;
				COMBINE_HIDPI_IMAGES = YES;
				CURRENT_PROJECT_VERSION = 1;
				DEVELOPMENT_ASSET_PATHS = "\"Xonsole/Preview Content\"";
				ENABLE_PREVIEWS = YES;
				GENERATE_INFOPLIST_FILE = YES;
				INFOPLIST_KEY_NSHumanReadableCopyright = "";
				LD_RUNPATH_SEARCH_PATHS = (
					"$(inherited)",
					"@executable_path/../Frameworks",
				);
				MARKETING_VERSION = 1.0;
				PRODUCT_BUNDLE_IDENTIFIER = com.github.HttpAnimation.Xonsole;
				PRODUCT_NAME = "$(TARGET_NAME)";
				SWIFT_EMIT_LOC_STRINGS = YES;
				SWIFT_VERSION = 5.0;
			};
			name = Debug;
		};
		67069B172BB5EACB00FB13E5 /* Release */ = {
			isa = XCBuildConfiguration;
			buildSettings = {
				ASSETCATALOG_COMPILER_APPICON_NAME = AppIcon;
				ASSETCATALOG_COMPILER_GLOBAL_ACCENT_COLOR_NAME = AccentColor;
				CODE_SIGN_ENTITLEMENTS = Xonsole/Xonsole.entitlements;
				CODE_SIGN_STYLE = Automatic;
				COMBINE_HIDPI_IMAGES = YES;
				CURRENT_PROJECT_VERSION = 1;
				DEVELOPMENT_ASSET_PATHS = "\"Xonsole/Preview Content\"";
				ENABLE_PREVIEWS = YES;
				GENERATE_INFOPLIST_FILE = YES;
				INFOPLIST_KEY_NSHumanReadableCopyright = "";
				LD_RUNPATH_SEARCH_PATHS = (
					"$(inherited)",
					"@executable_path/../Frameworks",
				);
				MARKETING_VERSION = 1.0;
				PRODUCT_BUNDLE_IDENTIFIER = com.github.HttpAnimation.Xonsole;
				PRODUCT_NAME = "$(TARGET_NAME)";
				SWIFT_EMIT_LOC_STRINGS = YES;
				SWIFT_VERSION = 5.0;
			};
			name = Release;
		};
		67069B192BB5EACB00FB13E5 /* Debug */ = {
			isa = XCBuildConfiguration;
			buildSettings = {
				ALWAYS_EMBED_SWIFT_STANDARD_LIBRARIES = YES;
				BUNDLE_LOADER = "$(TEST_HOST)";
				CODE_SIGN_STYLE = Automatic;
				CURRENT_PROJECT_VERSION = 1;
				GENERATE_INFOPLIST_FILE = YES;
				MACOSX_DEPLOYMENT_TARGET = 12.3;
				MARKETING_VERSION = 1.0;
				PRODUCT_BUNDLE_IDENTIFIER = com.github.HttpAnimation.XonsoleTests;
				PRODUCT_NAME = "$(TARGET_NAME)";
				SWIFT_EMIT_LOC_STRINGS = NO;
				SWIFT_VERSION = 5.0;
				TEST_HOST = "$(BUILT_PRODUCTS_DIR)/Xonsole.app/Contents/MacOS/Xonsole";
			};
			name = Debug;
		};
		67069B1A2BB5EACB00FB13E5 /* Release */ = {
			isa = XCBuildConfiguration;
			buildSettings = {
				ALWAYS_EMBED_SWIFT_STANDARD_LIBRARIES = YES;
				BUNDLE_LOADER = "$(TEST_HOST)";
				CODE_SIGN_STYLE = Automatic;
				CURRENT_PROJECT_VERSION = 1;
				GENERATE_INFOPLIST_FILE = YES;
				MACOSX_DEPLOYMENT_TARGET = 12.3;
				MARKETING_VERSION = 1.0;
				PRODUCT_BUNDLE_IDENTIFIER = com.github.HttpAnimation.XonsoleTests;
				PRODUCT_NAME = "$(TARGET_NAME)";
				SWIFT_EMIT_LOC_STRINGS = NO;
				SWIFT_VERSION = 5.0;
				TEST_HOST = "$(BUILT_PRODUCTS_DIR)/Xonsole.app/Contents/MacOS/Xonsole";
			};
			name = Release;
		};
		67069B1C2BB5EACB00FB13E5 /* Debug */ = {
			isa = XCBuildConfiguration;
			buildSettings = {
				ALWAYS_EMBED_SWIFT_STANDARD_LIBRARIES = YES;
				CODE_SIGN_STYLE = Automatic;
				CURRENT_PROJECT_VERSION = 1;
				GENERATE_INFOPLIST_FILE = YES;
				MARKETING_VERSION = 1.0;
				PRODUCT_BUNDLE_IDENTIFIER = com.github.HttpAnimation.XonsoleUITests;
				PRODUCT_NAME = "$(TARGET_NAME)";
				SWIFT_EMIT_LOC_STRINGS = NO;
				SWIFT_VERSION = 5.0;
				TEST_TARGET_NAME = Xonsole;
			};
			name = Debug;
		};
		67069B1D2BB5EACB00FB13E5 /* Release */ = {
			isa = XCBuildConfiguration;
			buildSettings = {
				ALWAYS_EMBED_SWIFT_STANDARD_LIBRARIES = YES;
				CODE_SIGN_STYLE = Automatic;
				CURRENT_PROJECT_VERSION = 1;
				GENERATE_INFOPLIST_FILE = YES;
				MARKETING_VERSION = 1.0;
				PRODUCT_BUNDLE_IDENTIFIER = com.github.HttpAnimation.XonsoleUITests;
				PRODUCT_NAME = "$(TARGET_NAME)";
				SWIFT_EMIT_LOC_STRINGS = NO;
				SWIFT_VERSION = 5.0;
				TEST_TARGET_NAME = Xonsole;
			};
			name = Release;
		};
/* End XCBuildConfiguration section */

/* Begin XCConfigurationList section */
		67069AEB2BB5EAC400FB13E5 /* Build configuration list for PBXProject "Xonsole" */ = {
			isa = XCConfigurationList;
			buildConfigurations = (
				67069B132BB5EACB00FB13E5 /* Debug */,
				67069B142BB5EACB00FB13E5 /* Release */,
			);
			defaultConfigurationIsVisible = 0;
			defaultConfigurationName = Release;
		};
		67069B152BB5EACB00FB13E5 /* Build configuration list for PBXNativeTarget "Xonsole" */ = {
			isa = XCConfigurationList;
			buildConfigurations = (
				67069B162BB5EACB00FB13E5 /* Debug */,
				67069B172BB5EACB00FB13E5 /* Release */,
			);
			defaultConfigurationIsVisible = 0;
			defaultConfigurationName = Release;
		};
		67069B182BB5EACB00FB13E5 /* Build configuration list for PBXNativeTarget "XonsoleTests" */ = {
			isa = XCConfigurationList;
			buildConfigurations = (
				67069B192BB5EACB00FB13E5 /* Debug */,
				67069B1A2BB5EACB00FB13E5 /* Release */,
			);
			defaultConfigurationIsVisible = 0;
			defaultConfigurationName = Release;
		};
		67069B1B2BB5EACB00FB13E5 /* Build configuration list for PBXNativeTarget "XonsoleUITests" */ = {
			isa = XCConfigurationList;
			buildConfigurations = (
				67069B1C2BB5EACB00FB13E5 /* Debug */,
				67069B1D2BB5EACB00FB13E5 /* Release */,
			);
			defaultConfigurationIsVisible = 0;
			defaultConfigurationName = Release;
		};
/* End XCConfigurationList section */
	};
	rootObject = 67069AE82BB5EAC400FB13E5 /* Project object */;
}
